
Microsoft Visual Studio Solution File, Format Version 12.00
# Visual Studio Version 17
VisualStudioVersion = 17.14.36401.2
MinimumVisualStudioVersion = 10.0.40219.1
Project("{FAE04EC0-301F-11D3-BF4B-00C04F79EFBC}") = "TMPTaskService", "TMPTaskService\TMPTaskService.csproj", "{A9CD2F76-6C74-4349-A018-EDD09ADCC878}"
EndProject
Project("{FAE04EC0-301F-11D3-BF4B-00C04F79EFBC}") = "UnitTests", "TMPTaskServiceUnitTest\UnitTests.csproj", "{77AD0E9A-695D-408D-ABB8-9F3ADC513DCF}"
EndProject
Project("{FAE04EC0-301F-11D3-BF4B-00C04F79EFBC}") = "IntegrationTests", "TMPTaskServiceIntegrationTests\IntegrationTests.csproj", "{3DD7F9F7-D32D-4D31-93A5-FCB02FA1EE4E}"
EndProject
Global
	GlobalSection(SolutionConfigurationPlatforms) = preSolution
		Debug|Any CPU = Debug|Any CPU
		Release|Any CPU = Release|Any CPU
	EndGlobalSection
	GlobalSection(ProjectConfigurationPlatforms) = postSolution
		{A9CD2F76-6C74-4349-A018-EDD09ADCC878}.Debug|Any CPU.ActiveCfg = Debug|Any CPU
		{A9CD2F76-6C74-4349-A018-EDD09ADCC878}.Debug|Any CPU.Build.0 = Debug|Any CPU
		{A9CD2F76-6C74-4349-A018-EDD09ADCC878}.Release|Any CPU.ActiveCfg = Release|Any CPU
		{A9CD2F76-6C74-4349-A018-EDD09ADCC878}.Release|Any CPU.Build.0 = Release|Any CPU
		{77AD0E9A-695D-408D-ABB8-9F3ADC513DCF}.Debug|Any CPU.ActiveCfg = Debug|Any CPU
		{77AD0E9A-695D-408D-ABB8-9F3ADC513DCF}.Debug|Any CPU.Build.0 = Debug|Any CPU
		{77AD0E9A-695D-408D-ABB8-9F3ADC513DCF}.Release|Any CPU.ActiveCfg = Release|Any CPU
		{77AD0E9A-695D-408D-ABB8-9F3ADC513DCF}.Release|Any CPU.Build.0 = Release|Any CPU
		{3DD7F9F7-D32D-4D31-93A5-FCB02FA1EE4E}.Debug|Any CPU.ActiveCfg = Debug|Any CPU
		{3DD7F9F7-D32D-4D31-93A5-FCB02FA1EE4E}.Debug|Any CPU.Build.0 = Debug|Any CPU
		{3DD7F9F7-D32D-4D31-93A5-FCB02FA1EE4E}.Release|Any CPU.ActiveCfg = Release|Any CPU
		{3DD7F9F7-D32D-4D31-93A5-FCB02FA1EE4E}.Release|Any CPU.Build.0 = Release|Any CPU
	EndGlobalSection
	GlobalSection(SolutionProperties) = preSolution
		HideSolutionNode = FALSE
	EndGlobalSection
	GlobalSection(ExtensibilityGlobals) = postSolution
		SolutionGuid = {2712A7E7-67BE-483C-AB53-5C86FD3CA244}
	EndGlobalSection
EndGlobal
